# THIS IS AN AUTOGENERATED FILE. DO NOT EDIT THIS FILE DIRECTLY.
# yarn lockfile v1


"@apollo/federation@0.7.0", "@apollo/federation@^0.7.0":
  version "0.7.0"
  resolved "https://registry.yarnpkg.com/@apollo/federation/-/federation-0.7.0.tgz#1d4b7be631d9e99757d3cd166c81d730666dfb53"
  integrity sha512-bXmXlfDXOkj7egRf6oaOQ87n3l48wqJAd4ALtCSTg1eYWj3LSgWkpHrew/v0FyLyzWQUXq69yrj5D2yjpkanFQ==
  dependencies:
    apollo-env "^0.5.1"
    apollo-graphql "^0.3.3"
    apollo-server-env "2.4.0"

"@apollo/gateway@^0.7.1":
  version "0.7.1"
  resolved "https://registry.yarnpkg.com/@apollo/gateway/-/gateway-0.7.1.tgz#86c5a7e81ae3e6441304eb75531a26f86a0a1a8a"
  integrity sha512-L3YvkKcJDGSfmb+H7JvPzWbtpult28xtFLozaF0JB9MHOxbgb+7WaHHQRrQGXT48oRtE1RcJQQY0UZ2/tQePZA==
  dependencies:
    "@apollo/federation" "0.7.0"
    apollo-engine-reporting-protobuf "0.4.0"
    apollo-env "^0.5.1"
    apollo-graphql "^0.3.3"
    apollo-server-caching "0.5.0"
    apollo-server-core "2.7.0"
    apollo-server-env "2.4.0"
    apollo-server-types "0.2.0"
    loglevel "^1.6.1"
    loglevel-debug "^0.0.1"
    pretty-format "^24.7.0"

"@apollographql/apollo-tools@^0.3.6":
  version "0.3.7"
  resolved "https://registry.yarnpkg.com/@apollographql/apollo-tools/-/apollo-tools-0.3.7.tgz#3bc9c35b9fff65febd4ddc0c1fc04677693a3d40"
  integrity sha512-+ertvzAwzkYmuUtT8zH3Zi6jPdyxZwOgnYaZHY7iLnMVJDhQKWlkyjLMF8wyzlPiEdDImVUMm5lOIBZo7LkGlg==
  dependencies:
    apollo-env "0.5.1"

"@apollographql/graphql-playground-html@1.6.24":
  version "1.6.24"
  resolved "https://registry.yarnpkg.com/@apollographql/graphql-playground-html/-/graphql-playground-html-1.6.24.tgz#3ce939cb127fb8aaa3ffc1e90dff9b8af9f2e3dc"
  integrity sha512-8GqG48m1XqyXh4mIZrtB5xOhUwSsh1WsrrsaZQOEYYql3YN9DEu9OOSg0ILzXHZo/h2Q74777YE4YzlArQzQEQ==

"@jest/types@^24.8.0":
  version "24.8.0"
  resolved "https://registry.yarnpkg.com/@jest/types/-/types-24.8.0.tgz#f31e25948c58f0abd8c845ae26fcea1491dea7ad"
  integrity sha512-g17UxVr2YfBtaMUxn9u/4+siG1ptg9IGYAYwvpwn61nBg779RXnjE/m7CxYcIzEt0AbHZZAHSEZNhkE2WxURVg==
  dependencies:
    "@types/istanbul-lib-coverage" "^2.0.0"
    "@types/istanbul-reports" "^1.1.1"
    "@types/yargs" "^12.0.9"

"@protobufjs/aspromise@^1.1.1", "@protobufjs/aspromise@^1.1.2":
  version "1.1.2"
  resolved "https://registry.yarnpkg.com/@protobufjs/aspromise/-/aspromise-1.1.2.tgz#9b8b0cc663d669a7d8f6f5d0893a14d348f30fbf"
  integrity sha1-m4sMxmPWaafY9vXQiToU00jzD78=

"@protobufjs/base64@^1.1.2":
  version "1.1.2"
  resolved "https://registry.yarnpkg.com/@protobufjs/base64/-/base64-1.1.2.tgz#4c85730e59b9a1f1f349047dbf24296034bb2735"
  integrity sha512-AZkcAA5vnN/v4PDqKyMR5lx7hZttPDgClv83E//FMNhR2TMcLUhfRUBHCmSl0oi9zMgDDqRUJkSxO3wm85+XLg==

"@protobufjs/codegen@^2.0.4":
  version "2.0.4"
  resolved "https://registry.yarnpkg.com/@protobufjs/codegen/-/codegen-2.0.4.tgz#7ef37f0d010fb028ad1ad59722e506d9262815cb"
  integrity sha512-YyFaikqM5sH0ziFZCN3xDC7zeGaB/d0IUb9CATugHWbd1FRFwWwt4ld4OYMPWu5a3Xe01mGAULCdqhMlPl29Jg==

"@protobufjs/eventemitter@^1.1.0":
  version "1.1.0"
  resolved "https://registry.yarnpkg.com/@protobufjs/eventemitter/-/eventemitter-1.1.0.tgz#355cbc98bafad5978f9ed095f397621f1d066b70"
  integrity sha1-NVy8mLr61ZePntCV85diHx0Ga3A=

"@protobufjs/fetch@^1.1.0":
  version "1.1.0"
  resolved "https://registry.yarnpkg.com/@protobufjs/fetch/-/fetch-1.1.0.tgz#ba99fb598614af65700c1619ff06d454b0d84c45"
  integrity sha1-upn7WYYUr2VwDBYZ/wbUVLDYTEU=
  dependencies:
    "@protobufjs/aspromise" "^1.1.1"
    "@protobufjs/inquire" "^1.1.0"

"@protobufjs/float@^1.0.2":
  version "1.0.2"
  resolved "https://registry.yarnpkg.com/@protobufjs/float/-/float-1.0.2.tgz#5e9e1abdcb73fc0a7cb8b291df78c8cbd97b87d1"
  integrity sha1-Xp4avctz/Ap8uLKR33jIy9l7h9E=

"@protobufjs/inquire@^1.1.0":
  version "1.1.0"
  resolved "https://registry.yarnpkg.com/@protobufjs/inquire/-/inquire-1.1.0.tgz#ff200e3e7cf2429e2dcafc1140828e8cc638f089"
  integrity sha1-/yAOPnzyQp4tyvwRQIKOjMY48Ik=

"@protobufjs/path@^1.1.2":
  version "1.1.2"
  resolved "https://registry.yarnpkg.com/@protobufjs/path/-/path-1.1.2.tgz#6cc2b20c5c9ad6ad0dccfd21ca7673d8d7fbf68d"
  integrity sha1-bMKyDFya1q0NzP0hynZz2Nf79o0=

"@protobufjs/pool@^1.1.0":
  version "1.1.0"
  resolved "https://registry.yarnpkg.com/@protobufjs/pool/-/pool-1.1.0.tgz#09fd15f2d6d3abfa9b65bc366506d6ad7846ff54"
  integrity sha1-Cf0V8tbTq/qbZbw2ZQbWrXhG/1Q=

"@protobufjs/utf8@^1.1.0":
  version "1.1.0"
  resolved "https://registry.yarnpkg.com/@protobufjs/utf8/-/utf8-1.1.0.tgz#a777360b5b39a1a2e5106f8e858f2fd2d060c570"
  integrity sha1-p3c2C1s5oaLlEG+OhY8v0tBgxXA=

"@types/events@*":
  version "3.0.0"
  resolved "https://registry.yarnpkg.com/@types/events/-/events-3.0.0.tgz#2862f3f58a9a7f7c3e78d79f130dd4d71c25c2a7"
  integrity sha512-EaObqwIvayI5a8dCzhFrjKzVwKLxjoG9T6Ppd5CEo07LRKfQ8Yokw54r5+Wq7FaBQ+yXRvQAYPrHwya1/UFt9g==

"@types/istanbul-lib-coverage@*", "@types/istanbul-lib-coverage@^2.0.0":
  version "2.0.1"
  resolved "https://registry.yarnpkg.com/@types/istanbul-lib-coverage/-/istanbul-lib-coverage-2.0.1.tgz#42995b446db9a48a11a07ec083499a860e9138ff"
  integrity sha512-hRJD2ahnnpLgsj6KWMYSrmXkM3rm2Dl1qkx6IOFD5FnuNPXJIG5L0dhgKXCYTRMGzU4n0wImQ/xfmRc4POUFlg==

"@types/istanbul-lib-report@*":
  version "1.1.1"
  resolved "https://registry.yarnpkg.com/@types/istanbul-lib-report/-/istanbul-lib-report-1.1.1.tgz#e5471e7fa33c61358dd38426189c037a58433b8c"
  integrity sha512-3BUTyMzbZa2DtDI2BkERNC6jJw2Mr2Y0oGI7mRxYNBPxppbtEK1F66u3bKwU2g+wxwWI7PAoRpJnOY1grJqzHg==
  dependencies:
    "@types/istanbul-lib-coverage" "*"

"@types/istanbul-reports@^1.1.1":
  version "1.1.1"
  resolved "https://registry.yarnpkg.com/@types/istanbul-reports/-/istanbul-reports-1.1.1.tgz#7a8cbf6a406f36c8add871625b278eaf0b0d255a"
  integrity sha512-UpYjBi8xefVChsCoBpKShdxTllC9pwISirfoZsUa2AAdQg/Jd2KQGtSbw+ya7GPo7x/wAPlH6JBhKhAsXUEZNA==
  dependencies:
    "@types/istanbul-lib-coverage" "*"
    "@types/istanbul-lib-report" "*"

"@types/long@^4.0.0":
  version "4.0.0"
  resolved "https://registry.yarnpkg.com/@types/long/-/long-4.0.0.tgz#719551d2352d301ac8b81db732acb6bdc28dbdef"
  integrity sha512-1w52Nyx4Gq47uuu0EVcsHBxZFJgurQ+rTKS3qMHxR1GY2T8c2AJYd6vZoZ9q1rupaDjU0yT+Jc2XTyXkjeMA+Q==

"@types/node@*":
  version "12.6.8"
  resolved "https://registry.yarnpkg.com/@types/node/-/node-12.6.8.tgz#e469b4bf9d1c9832aee4907ba8a051494357c12c"
  integrity sha512-aX+gFgA5GHcDi89KG5keey2zf0WfZk/HAQotEamsK2kbey+8yGKcson0hbK8E+v0NArlCJQCqMP161YhV6ZXLg==

"@types/node@^10.1.0":
  version "10.14.13"
  resolved "https://registry.yarnpkg.com/@types/node/-/node-10.14.13.tgz#ac786d623860adf39a3f51d629480aacd6a6eec7"
  integrity sha512-yN/FNNW1UYsRR1wwAoyOwqvDuLDtVXnaJTZ898XIw/Q5cCaeVAlVwvsmXLX5PuiScBYwZsZU4JYSHB3TvfdwvQ==

"@types/ws@^6.0.0":
  version "6.0.1"
  resolved "https://registry.yarnpkg.com/@types/ws/-/ws-6.0.1.tgz#ca7a3f3756aa12f62a0a62145ed14c6db25d5a28"
  integrity sha512-EzH8k1gyZ4xih/MaZTXwT2xOkPiIMSrhQ9b8wrlX88L0T02eYsddatQlwVFlEPyEqV0ChpdpNnE51QPH6NVT4Q==
  dependencies:
    "@types/events" "*"
    "@types/node" "*"

"@types/yargs@^12.0.9":
  version "12.0.12"
  resolved "https://registry.yarnpkg.com/@types/yargs/-/yargs-12.0.12.tgz#45dd1d0638e8c8f153e87d296907659296873916"
  integrity sha512-SOhuU4wNBxhhTHxYaiG5NY4HBhDIDnJF60GU+2LqHAdKKer86//e4yg69aENCtQ04n0ovz+tq2YPME5t5yp4pw==

"@wry/equality@^0.1.2":
  version "0.1.9"
  resolved "https://registry.yarnpkg.com/@wry/equality/-/equality-0.1.9.tgz#b13e18b7a8053c6858aa6c85b54911fb31e3a909"
  integrity sha512-mB6ceGjpMGz1ZTza8HYnrPGos2mC6So4NhS1PtZ8s4Qt0K7fBiIGhpSxUbQmhwcSWE3no+bYxmI2OL6KuXYmoQ==
  dependencies:
    tslib "^1.9.3"

ansi-regex@^4.0.0:
  version "4.1.0"
  resolved "https://registry.yarnpkg.com/ansi-regex/-/ansi-regex-4.1.0.tgz#8b9f8f08cf1acb843756a839ca8c7e3168c51997"
  integrity sha512-1apePfXM1UOSqw0o9IiFAovVz9M5S1Dg+4TrDwfMewQ6p/rmMueb7tWZjQ1rx4Loy1ArBggoqGpfqqdI4rondg==

ansi-styles@^3.2.0:
  version "3.2.1"
  resolved "https://registry.yarnpkg.com/ansi-styles/-/ansi-styles-3.2.1.tgz#41fbb20243e50b12be0f04b8dedbf07520ce841d"
  integrity sha512-VT0ZI6kZRdTh8YyJw3SMbYm/u+NqfsAxEpWO0Pf9sq8/e94WxxOpPKx9FR1FlyCtOVDNOQ+8ntlqFxiRc+r5qA==
  dependencies:
    color-convert "^1.9.0"

apollo-cache-control@0.8.0:
  version "0.8.0"
  resolved "https://registry.yarnpkg.com/apollo-cache-control/-/apollo-cache-control-0.8.0.tgz#08b157e5f8cd86f63608b05d45222de0725ebd5a"
  integrity sha512-BBnfUmSWRws5dRSDD+R56RLJCE9v6xQuob+i/1Ju9EX4LZszU5JKVmxEvnkJ1bk/BkihjoQXTnP6fJCnt6fCmA==
  dependencies:
    apollo-server-env "2.4.0"
    graphql-extensions "0.8.0"

apollo-datasource@0.6.0:
  version "0.6.0"
  resolved "https://registry.yarnpkg.com/apollo-datasource/-/apollo-datasource-0.6.0.tgz#823d6be8a3804613b5c56d2972c07db662293fc6"
  integrity sha512-DOzzYWEOReYRu2vWPKEulqlTb9Xjg67sjVCzve5MXa7GUXjfr8IKioljvfoBMlqm/PpbJVk2ci4n5NIFqoYsrQ==
  dependencies:
    apollo-server-caching "0.5.0"
    apollo-server-env "2.4.0"

apollo-engine-reporting-protobuf@0.4.0:
  version "0.4.0"
  resolved "https://registry.yarnpkg.com/apollo-engine-reporting-protobuf/-/apollo-engine-reporting-protobuf-0.4.0.tgz#e34c192d86493b33a73181fd6be75721559111ec"
  integrity sha512-cXHZSienkis8v4RhqB3YG3DkaksqLpcxApRLTpRMs7IXNozgV7CUPYGFyFBEra1ZFgUyHXx4G9MpelV+n2cCfA==
  dependencies:
    protobufjs "^6.8.6"

apollo-engine-reporting@1.4.0:
  version "1.4.0"
  resolved "https://registry.yarnpkg.com/apollo-engine-reporting/-/apollo-engine-reporting-1.4.0.tgz#3a9bd011b271593e16d7057044898d0a817b197d"
  integrity sha512-NMiO3h1cuEBt6QZNGHxivwuyZQnoU/2MMx0gUA8Gyy1ERBhK6P235qoMnvoi34rLmqJuyGPX6tXcab8MpMIzYQ==
  dependencies:
    apollo-engine-reporting-protobuf "0.4.0"
    apollo-graphql "^0.3.3"
    apollo-server-env "2.4.0"
    apollo-server-types "0.2.0"
    async-retry "^1.2.1"
    graphql-extensions "0.8.0"

apollo-env@0.5.1, apollo-env@^0.5.1:
  version "0.5.1"
  resolved "https://registry.yarnpkg.com/apollo-env/-/apollo-env-0.5.1.tgz#b9b0195c16feadf0fe9fd5563edb0b9b7d9e97d3"
  integrity sha512-fndST2xojgSdH02k5hxk1cbqA9Ti8RX4YzzBoAB4oIe1Puhq7+YlhXGXfXB5Y4XN0al8dLg+5nAkyjNAR2qZTw==
  dependencies:
    core-js "^3.0.1"
    node-fetch "^2.2.0"
    sha.js "^2.4.11"

apollo-graphql@^0.3.3:
  version "0.3.3"
  resolved "https://registry.yarnpkg.com/apollo-graphql/-/apollo-graphql-0.3.3.tgz#ce1df194f6e547ad3ce1e35b42f9c211766e1658"
  integrity sha512-t3CO/xIDVsCG2qOvx2MEbuu4b/6LzQjcBBwiVnxclmmFyAxYCIe7rpPlnLHSq7HyOMlCWDMozjoeWfdqYSaLqQ==
  dependencies:
    apollo-env "0.5.1"
    lodash.sortby "^4.7.0"

apollo-link-http-common@^0.2.14:
  version "0.2.14"
  resolved "https://registry.yarnpkg.com/apollo-link-http-common/-/apollo-link-http-common-0.2.14.tgz#d3a195c12e00f4e311c417f121181dcc31f7d0c8"
  integrity sha512-v6mRU1oN6XuX8beVIRB6OpF4q1ULhSnmy7ScnHnuo1qV6GaFmDcbdvXqxIkAV1Q8SQCo2lsv4HeqJOWhFfApOg==
  dependencies:
    apollo-link "^1.2.12"
    ts-invariant "^0.4.0"
    tslib "^1.9.3"

apollo-link-http@^1.5.14, apollo-link-http@^1.5.15:
  version "1.5.15"
  resolved "https://registry.yarnpkg.com/apollo-link-http/-/apollo-link-http-1.5.15.tgz#106ab23bb8997bd55965d05855736d33119652cf"
  integrity sha512-epZFhCKDjD7+oNTVK3P39pqWGn4LEhShAoA1Q9e2tDrBjItNfviiE33RmcLcCURDYyW5JA6SMgdODNI4Is8tvQ==
  dependencies:
    apollo-link "^1.2.12"
    apollo-link-http-common "^0.2.14"
    tslib "^1.9.3"

apollo-link@^1.2.12, apollo-link@^1.2.3:
  version "1.2.12"
  resolved "https://registry.yarnpkg.com/apollo-link/-/apollo-link-1.2.12.tgz#014b514fba95f1945c38ad4c216f31bcfee68429"
  integrity sha512-fsgIAXPKThyMVEMWQsUN22AoQI+J/pVXcjRGAShtk97h7D8O+SPskFinCGEkxPeQpE83uKaqafB2IyWdjN+J3Q==
  dependencies:
    apollo-utilities "^1.3.0"
    ts-invariant "^0.4.0"
    tslib "^1.9.3"
    zen-observable-ts "^0.8.19"

apollo-server-caching@0.5.0:
  version "0.5.0"
  resolved "https://registry.yarnpkg.com/apollo-server-caching/-/apollo-server-caching-0.5.0.tgz#446a37ce2d4e24c81833e276638330a634f7bd46"
  integrity sha512-l7ieNCGxUaUAVAAp600HjbUJxVaxjJygtPV0tPTe1Q3HkPy6LEWoY6mNHV7T268g1hxtPTxcdRu7WLsJrg7ufw==
  dependencies:
    lru-cache "^5.0.0"

apollo-server-core@2.7.0:
  version "2.7.0"
  resolved "https://registry.yarnpkg.com/apollo-server-core/-/apollo-server-core-2.7.0.tgz#c444347dea11149b5b453890506e43dc7e711257"
  integrity sha512-CXjXAkgcMBCJZpsZgfAY5W7f5thdxUhn75UgzeH28RTUZ2aKi/LjoCixPWRSF1lU4vuEWneAnM8Vg/KCD+29lQ==
  dependencies:
    "@apollographql/apollo-tools" "^0.3.6"
    "@apollographql/graphql-playground-html" "1.6.24"
    "@types/ws" "^6.0.0"
    apollo-cache-control "0.8.0"
    apollo-datasource "0.6.0"
    apollo-engine-reporting "1.4.0"
    apollo-engine-reporting-protobuf "0.4.0"
    apollo-server-caching "0.5.0"
    apollo-server-env "2.4.0"
    apollo-server-errors "2.3.1"
    apollo-server-plugin-base "0.6.0"
    apollo-server-types "0.2.0"
    apollo-tracing "0.8.0"
    fast-json-stable-stringify "^2.0.0"
    graphql-extensions "0.8.0"
    graphql-subscriptions "^1.0.0"
    graphql-tag "^2.9.2"
    graphql-tools "^4.0.0"
    graphql-upload "^8.0.2"
    sha.js "^2.4.11"
    subscriptions-transport-ws "^0.9.11"
    ws "^6.0.0"

apollo-server-env@2.4.0:
  version "2.4.0"
  resolved "https://registry.yarnpkg.com/apollo-server-env/-/apollo-server-env-2.4.0.tgz#6611556c6b627a1636eed31317d4f7ea30705872"
  integrity sha512-7ispR68lv92viFeu5zsRUVGP+oxsVI3WeeBNniM22Cx619maBUwcYTIC3+Y3LpXILhLZCzA1FASZwusgSlyN9w==
  dependencies:
    node-fetch "^2.1.2"
    util.promisify "^1.0.0"

apollo-server-errors@2.3.1:
  version "2.3.1"
  resolved "https://registry.yarnpkg.com/apollo-server-errors/-/apollo-server-errors-2.3.1.tgz#033cf331463ebb99a563f8354180b41ac6714eb6"
  integrity sha512-errZvnh0vUQChecT7M4A/h94dnBSRL213dNxpM5ueMypaLYgnp4hiCTWIEaooo9E4yMGd1qA6WaNbLDG2+bjcg==

apollo-server-lambda@^2.4.8, apollo-server-lambda@^2.7.0:
  version "2.7.0"
  resolved "https://registry.yarnpkg.com/apollo-server-lambda/-/apollo-server-lambda-2.7.0.tgz#0acd4327dca0e71146ae571992423bd48d9b91f3"
  integrity sha512-h/HzcEBbyUn7V4yYm3+GE3r+jWAHPcVw5AI1AQGWpP8+HHx8ggMmmJ3rf+EuMK4AT2uiBii4mWyCQBpbjGNiHw==
  dependencies:
    "@apollographql/graphql-playground-html" "1.6.24"
    apollo-server-core "2.7.0"
    apollo-server-env "2.4.0"
    apollo-server-types "0.2.0"
    graphql-tools "^4.0.0"

apollo-server-plugin-base@0.6.0:
  version "0.6.0"
  resolved "https://registry.yarnpkg.com/apollo-server-plugin-base/-/apollo-server-plugin-base-0.6.0.tgz#4186296ea5d52cfe613961d252a8a2f9e13e6ba6"
  integrity sha512-BjfyWpHyKwHOe819gk3wEFwbnVp9Xvos03lkkYTTcXS/8G7xO78aUcE65mmyAC56/ZQ0aodNFkFrhwNtWBQWUQ==
  dependencies:
    apollo-server-types "0.2.0"

apollo-server-types@0.2.0:
  version "0.2.0"
  resolved "https://registry.yarnpkg.com/apollo-server-types/-/apollo-server-types-0.2.0.tgz#270d7298f709fd8237ebfa48753249e5286df5f2"
  integrity sha512-5dgiyXsM90vnfmdXO1ixHvsLn0d9NP4tWufmr3ZmjKv00r4JAQNUaUdgOSGbRIKoHELQGwxUuTySTZ/tYfGaNQ==
  dependencies:
    apollo-engine-reporting-protobuf "0.4.0"
    apollo-server-caching "0.5.0"
    apollo-server-env "2.4.0"

apollo-tracing@0.8.0:
  version "0.8.0"
  resolved "https://registry.yarnpkg.com/apollo-tracing/-/apollo-tracing-0.8.0.tgz#28cd9c61a4db12b2c24dad67fdedd309806c1650"
  integrity sha512-cNOtOlyZ56iJRsCjnxjM1V0SnQ2ZZttuyoeOejdat6llPfk5bfYTVOKMjdbSfDvU33LS9g9sqNJCT0MwrEPFKQ==
  dependencies:
    apollo-server-env "2.4.0"
    graphql-extensions "0.8.0"

apollo-utilities@^1.0.1, apollo-utilities@^1.3.0:
  version "1.3.2"
  resolved "https://registry.yarnpkg.com/apollo-utilities/-/apollo-utilities-1.3.2.tgz#8cbdcf8b012f664cd6cb5767f6130f5aed9115c9"
  integrity sha512-JWNHj8XChz7S4OZghV6yc9FNnzEXj285QYp/nLNh943iObycI5GTDO3NGR9Dth12LRrSFMeDOConPfPln+WGfg==
  dependencies:
    "@wry/equality" "^0.1.2"
    fast-json-stable-stringify "^2.0.0"
    ts-invariant "^0.4.0"
    tslib "^1.9.3"

async-limiter@~1.0.0:
  version "1.0.0"
  resolved "https://registry.yarnpkg.com/async-limiter/-/async-limiter-1.0.0.tgz#78faed8c3d074ab81f22b4e985d79e8738f720f8"
  integrity sha512-jp/uFnooOiO+L211eZOoSyzpOITMXx1rBITauYykG3BRYPu8h0UcxsPNB04RR5vo4Tyz3+ay17tR6JVf9qzYWg==

async-retry@^1.2.1:
  version "1.2.3"
  resolved "https://registry.yarnpkg.com/async-retry/-/async-retry-1.2.3.tgz#a6521f338358d322b1a0012b79030c6f411d1ce0"
  integrity sha512-tfDb02Th6CE6pJUF2gjW5ZVjsgwlucVXOEQMvEX9JgSJMs9gAX+Nz3xRuJBKuUYjTSYORqvDBORdAQ3LU59g7Q==
  dependencies:
    retry "0.12.0"

async@2.6.2:
  version "2.6.2"
  resolved "https://registry.yarnpkg.com/async/-/async-2.6.2.tgz#18330ea7e6e313887f5d2f2a904bac6fe4dd5381"
  integrity sha512-H1qVYh1MYhEEFLsP97cVKqCGo7KfCyTt6uEWqsTBr9SO84oK9Uwbyd/yCW+6rKJLHksBNUVWZDAjfS+Ccx0Bbg==
  dependencies:
    lodash "^4.17.11"

axios@^0.19.0:
  version "0.19.0"
  resolved "https://registry.yarnpkg.com/axios/-/axios-0.19.0.tgz#8e09bff3d9122e133f7b8101c8fbdd00ed3d2ab8"
  integrity sha512-1uvKqKQta3KBxIz14F2v06AEHZ/dIoeKfbTRkK1E5oqjDnuEerLmYTgJB5AiQZHJcljpg1TuRzdjDR06qNk0DQ==
  dependencies:
    follow-redirects "1.5.10"
    is-buffer "^2.0.2"

backo2@^1.0.2:
  version "1.0.2"
  resolved "https://registry.yarnpkg.com/backo2/-/backo2-1.0.2.tgz#31ab1ac8b129363463e35b3ebb69f4dfcfba7947"
  integrity sha1-MasayLEpNjRj41s+u2n038+6eUc=

bluebird@3.5.1:
  version "3.5.1"
  resolved "https://registry.yarnpkg.com/bluebird/-/bluebird-3.5.1.tgz#d9551f9de98f1fcda1e683d17ee91a0602ee2eb9"
  integrity sha512-MKiLiV+I1AA596t9w1sQJ8jkiSr5+ZKi0WKrYGUn6d1Fx+Ij4tIj+m2WMQSGczs5jZVxV339chE8iwk6F64wjA==

bson@^1.1.1, bson@~1.1.1:
  version "1.1.1"
  resolved "https://registry.yarnpkg.com/bson/-/bson-1.1.1.tgz#4330f5e99104c4e751e7351859e2d408279f2f13"
  integrity sha512-jCGVYLoYMHDkOsbwJZBCqwMHyH4c+wzgI9hG7Z6SZJRXWr+x58pdIbm2i9a/jFGCkRJqRUr8eoI7lDWa0hTkxg==

busboy@^0.3.1:
  version "0.3.1"
  resolved "https://registry.yarnpkg.com/busboy/-/busboy-0.3.1.tgz#170899274c5bf38aae27d5c62b71268cd585fd1b"
  integrity sha512-y7tTxhGKXcyBxRKAni+awqx8uqaJKrSFSNFSeRG5CsWNdmy2BIK+6VGWEW7TZnIO/533mtMEA4rOevQV815YJw==
  dependencies:
    dicer "0.3.0"

color-convert@^1.9.0:
  version "1.9.3"
  resolved "https://registry.yarnpkg.com/color-convert/-/color-convert-1.9.3.tgz#bb71850690e1f136567de629d2d5471deda4c1e8"
  integrity sha512-QfAUtd+vFdAtFQcC8CCyYt1fYWxSqAiK2cSD6zDB8N3cpsEBAvRxp9zOGg6G/SHHJYAT88/az/IuDGALsNVbGg==
  dependencies:
    color-name "1.1.3"

color-name@1.1.3:
  version "1.1.3"
  resolved "https://registry.yarnpkg.com/color-name/-/color-name-1.1.3.tgz#a7d0558bd89c42f795dd42328f740831ca53bc25"
  integrity sha1-p9BVi9icQveV3UIyj3QIMcpTvCU=

core-js@^3.0.1:
  version "3.1.4"
  resolved "https://registry.yarnpkg.com/core-js/-/core-js-3.1.4.tgz#3a2837fc48e582e1ae25907afcd6cf03b0cc7a07"
  integrity sha512-YNZN8lt82XIMLnLirj9MhKDFZHalwzzrL9YLt6eb0T5D0EDl4IQ90IGkua8mHbnxNrkj1d8hbdizMc0Qmg1WnQ==

debug@3.1.0, debug@=3.1.0:
  version "3.1.0"
  resolved "https://registry.yarnpkg.com/debug/-/debug-3.1.0.tgz#5bb5a0672628b64149566ba16819e61518c67261"
  integrity sha512-OX8XqP7/1a9cqkxYw2yXss15f26NKWBpDXQd0/uK/KPqdQhxbPa994hnzjcE2VqQpDslf55723cKPUOGSmMY3g==
  dependencies:
    ms "2.0.0"

define-properties@^1.1.2:
  version "1.1.3"
  resolved "https://registry.yarnpkg.com/define-properties/-/define-properties-1.1.3.tgz#cf88da6cbee26fe6db7094f61d870cbd84cee9f1"
  integrity sha512-3MqfYKj2lLzdMSf8ZIZE/V+Zuy+BgD6f164e8K2w7dgnpKArBDerGYpM46IYYcjnkdPNMjPk9A6VFB8+3SKlXQ==
  dependencies:
    object-keys "^1.0.12"

depd@~1.1.2:
  version "1.1.2"
  resolved "https://registry.yarnpkg.com/depd/-/depd-1.1.2.tgz#9bcd52e14c097763e749b274c4346ed2e560b5a9"
  integrity sha1-m81S4UwJd2PnSbJ0xDRu0uVgtak=

deprecated-decorator@^0.1.6:
  version "0.1.6"
  resolved "https://registry.yarnpkg.com/deprecated-decorator/-/deprecated-decorator-0.1.6.tgz#00966317b7a12fe92f3cc831f7583af329b86c37"
  integrity sha1-AJZjF7ehL+kvPMgx91g68ym4bDc=

dicer@0.3.0:
  version "0.3.0"
  resolved "https://registry.yarnpkg.com/dicer/-/dicer-0.3.0.tgz#eacd98b3bfbf92e8ab5c2fdb71aaac44bb06b872"
  integrity sha512-MdceRRWqltEG2dZqO769g27N/3PXfcKl04VhYnBlo2YhH7zPi88VebsjTKclaOyiuMaGU72hTfw3VkUitGcVCA==
  dependencies:
    streamsearch "0.1.2"

dotenv@^8.0.0:
  version "8.0.0"
  resolved "https://registry.yarnpkg.com/dotenv/-/dotenv-8.0.0.tgz#ed310c165b4e8a97bb745b0a9d99c31bda566440"
  integrity sha512-30xVGqjLjiUOArT4+M5q9sYdvuR4riM6yK9wMcas9Vbp6zZa+ocC9dp6QoftuhTPhFAiLK/0C5Ni2nou/Bk8lg==

es-abstract@^1.5.1:
  version "1.13.0"
  resolved "https://registry.yarnpkg.com/es-abstract/-/es-abstract-1.13.0.tgz#ac86145fdd5099d8dd49558ccba2eaf9b88e24e9"
  integrity sha512-vDZfg/ykNxQVwup/8E1BZhVzFfBxs9NqMzGcvIJrqg5k2/5Za2bWo40dK2J1pgLngZ7c+Shh8lwYtLGyrwPutg==
  dependencies:
    es-to-primitive "^1.2.0"
    function-bind "^1.1.1"
    has "^1.0.3"
    is-callable "^1.1.4"
    is-regex "^1.0.4"
    object-keys "^1.0.12"

es-to-primitive@^1.2.0:
  version "1.2.0"
  resolved "https://registry.yarnpkg.com/es-to-primitive/-/es-to-primitive-1.2.0.tgz#edf72478033456e8dda8ef09e00ad9650707f377"
  integrity sha512-qZryBOJjV//LaxLTV6UC//WewneB3LcXOL9NP++ozKVXsIIIpm/2c13UDiD9Jp2eThsecw9m3jPqDwTyobcdbg==
  dependencies:
    is-callable "^1.1.4"
    is-date-object "^1.0.1"
    is-symbol "^1.0.2"

eventemitter3@^3.1.0:
  version "3.1.2"
  resolved "https://registry.yarnpkg.com/eventemitter3/-/eventemitter3-3.1.2.tgz#2d3d48f9c346698fce83a85d7d664e98535df6e7"
  integrity sha512-tvtQIeLVHjDkJYnzf2dgVMxfuSGJeM/7UCG17TT4EumTfNtF+0nebF/4zWOIkCreAbtNqhGEboB6BWrwqNaw4Q==

fast-json-stable-stringify@^2.0.0:
  version "2.0.0"
  resolved "https://registry.yarnpkg.com/fast-json-stable-stringify/-/fast-json-stable-stringify-2.0.0.tgz#d5142c0caee6b1189f87d3a76111064f86c8bbf2"
  integrity sha1-1RQsDK7msRifh9OnYREGT4bIu/I=

follow-redirects@1.5.10:
  version "1.5.10"
  resolved "https://registry.yarnpkg.com/follow-redirects/-/follow-redirects-1.5.10.tgz#7b7a9f9aea2fdff36786a94ff643ed07f4ff5e2a"
  integrity sha512-0V5l4Cizzvqt5D44aTXbFZz+FtyXV1vrDN6qrelxtfYQKW0KO0W2T/hkE8xvGa/540LkZlkaUjO4ailYTFtHVQ==
  dependencies:
    debug "=3.1.0"

fs-capacitor@^2.0.4:
  version "2.0.4"
  resolved "https://registry.yarnpkg.com/fs-capacitor/-/fs-capacitor-2.0.4.tgz#5a22e72d40ae5078b4fe64fe4d08c0d3fc88ad3c"
  integrity sha512-8S4f4WsCryNw2mJJchi46YgB6CR5Ze+4L1h8ewl9tEpL4SJ3ZO+c/bS4BWhB8bK+O3TMqhuZarTitd0S0eh2pA==

function-bind@^1.1.1:
  version "1.1.1"
  resolved "https://registry.yarnpkg.com/function-bind/-/function-bind-1.1.1.tgz#a56899d3ea3c9bab874bb9773b7c5ede92f4895d"
  integrity sha512-yIovAzMX49sF8Yl58fSCWJ5svSLuaibPxXQJFLmBObTuCr0Mf1KiPopGM9NiFjiYBCbfaa2Fh6breQ6ANVTI0A==

graphql-extensions@0.8.0:
  version "0.8.0"
  resolved "https://registry.yarnpkg.com/graphql-extensions/-/graphql-extensions-0.8.0.tgz#b3fe7915aa84eef5a39135840840cc4d2e700c46"
  integrity sha512-zV9RefkusIXqi9ZJtl7IJ5ecjDKdb7PLAb5E3CmxX3OK1GwNCIubp0vE7Fp4fXlCUKgTB1Woubs0zj71JT8o0A==
  dependencies:
    "@apollographql/apollo-tools" "^0.3.6"
    apollo-server-env "2.4.0"
    apollo-server-types "0.2.0"

graphql-import-node@^0.0.4:
  version "0.0.4"
  resolved "https://registry.yarnpkg.com/graphql-import-node/-/graphql-import-node-0.0.4.tgz#0522f058978c7e1b99d1e6be1b851ee17007b111"
  integrity sha512-okpdABQIgIM0qdx9Mfgdu6fTsFEazZmHZdEU34cijkUj9D1db1SyPRGHPxbXmbacamhEF41ckxpCAgHiGliryQ==

graphql-subscriptions@^1.0.0:
  version "1.1.0"
  resolved "https://registry.yarnpkg.com/graphql-subscriptions/-/graphql-subscriptions-1.1.0.tgz#5f2fa4233eda44cf7570526adfcf3c16937aef11"
  integrity sha512-6WzlBFC0lWmXJbIVE8OgFgXIP4RJi3OQgTPa0DVMsDXdpRDjTsM1K9wfl5HSYX7R87QAGlvcv2Y4BIZa/ItonA==
  dependencies:
    iterall "^1.2.1"

graphql-tag@^2.9.2:
  version "2.10.1"
  resolved "https://registry.yarnpkg.com/graphql-tag/-/graphql-tag-2.10.1.tgz#10aa41f1cd8fae5373eaf11f1f67260a3cad5e02"
  integrity sha512-jApXqWBzNXQ8jYa/HLkZJaVw9jgwNqZkywa2zfFn16Iv1Zb7ELNHkJaXHR7Quvd5SIGsy6Ny7SUKATgnu05uEg==

graphql-tools@^4.0.0, graphql-tools@^4.0.4, graphql-tools@^4.0.5:
  version "4.0.5"
  resolved "https://registry.yarnpkg.com/graphql-tools/-/graphql-tools-4.0.5.tgz#d2b41ee0a330bfef833e5cdae7e1f0b0d86b1754"
  integrity sha512-kQCh3IZsMqquDx7zfIGWBau42xe46gmqabwYkpPlCLIjcEY1XK+auP7iGRD9/205BPyoQdY8hT96MPpgERdC9Q==
  dependencies:
    apollo-link "^1.2.3"
    apollo-utilities "^1.0.1"
    deprecated-decorator "^0.1.6"
    iterall "^1.1.3"
    uuid "^3.1.0"

graphql-upload@^8.0.2:
  version "8.0.7"
  resolved "https://registry.yarnpkg.com/graphql-upload/-/graphql-upload-8.0.7.tgz#8644264e241529552ea4b3797e7ee15809cf01a3"
  integrity sha512-gi2yygbDPXbHPC7H0PNPqP++VKSoNoJO4UrXWq4T0Bi4IhyUd3Ycop/FSxhx2svWIK3jdXR/i0vi91yR1aAF0g==
  dependencies:
    busboy "^0.3.1"
    fs-capacitor "^2.0.4"
    http-errors "^1.7.2"
    object-path "^0.11.4"

graphql@^14.2.1, graphql@^14.4.2:
  version "14.4.2"
  resolved "https://registry.yarnpkg.com/graphql/-/graphql-14.4.2.tgz#553a7d546d524663eda49ed6df77577be3203ae3"
  integrity sha512-6uQadiRgnpnSS56hdZUSvFrVcQ6OF9y6wkxJfKquFtHlnl7+KSuWwSJsdwiK1vybm1HgcdbpGkCpvhvsVQ0UZQ==
  dependencies:
    iterall "^1.2.2"

has-symbols@^1.0.0:
  version "1.0.0"
  resolved "https://registry.yarnpkg.com/has-symbols/-/has-symbols-1.0.0.tgz#ba1a8f1af2a0fc39650f5c850367704122063b44"
  integrity sha1-uhqPGvKg/DllD1yFA2dwQSIGO0Q=

has@^1.0.1, has@^1.0.3:
  version "1.0.3"
  resolved "https://registry.yarnpkg.com/has/-/has-1.0.3.tgz#722d7cbfc1f6aa8241f16dd814e011e1f41e8796"
  integrity sha512-f2dvO0VU6Oej7RkWJGrehjbzMAjFp5/VKPp5tTpWIV4JHHZK1/BxbFRtf/siA2SWTe09caDmVtYYzWEIbBS4zw==
  dependencies:
    function-bind "^1.1.1"

http-errors@^1.7.2:
  version "1.7.3"
  resolved "https://registry.yarnpkg.com/http-errors/-/http-errors-1.7.3.tgz#6c619e4f9c60308c38519498c14fbb10aacebb06"
  integrity sha512-ZTTX0MWrsQ2ZAhA1cejAwDLycFsd7I7nVtnkT3Ol0aqodaKW+0CTZDQ1uBv5whptCnc8e8HeRRJxRs0kmm/Qfw==
  dependencies:
    depd "~1.1.2"
    inherits "2.0.4"
    setprototypeof "1.1.1"
    statuses ">= 1.5.0 < 2"
    toidentifier "1.0.0"

inherits@2.0.4, inherits@^2.0.1:
  version "2.0.4"
  resolved "https://registry.yarnpkg.com/inherits/-/inherits-2.0.4.tgz#0fa2c64f932917c3433a0ded55363aae37416b7c"
  integrity sha512-k/vGaX4/Yla3WzyMCvTQOXYeIHvqOKtnqBduzTHpzpQZzAskKMhZ2K+EnBiSM9zGSoIFeMpXKxa4dYeZIQqewQ==

is-buffer@^2.0.2:
  version "2.0.3"
  resolved "https://registry.yarnpkg.com/is-buffer/-/is-buffer-2.0.3.tgz#4ecf3fcf749cbd1e472689e109ac66261a25e725"
  integrity sha512-U15Q7MXTuZlrbymiz95PJpZxu8IlipAp4dtS3wOdgPXx3mqBnslrWU14kxfHB+Py/+2PVKSr37dMAgM2A4uArw==

is-callable@^1.1.4:
  version "1.1.4"
  resolved "https://registry.yarnpkg.com/is-callable/-/is-callable-1.1.4.tgz#1e1adf219e1eeb684d691f9d6a05ff0d30a24d75"
  integrity sha512-r5p9sxJjYnArLjObpjA4xu5EKI3CuKHkJXMhT7kwbpUyIFD1n5PMAsoPvWnvtZiNz7LjkYDRZhd7FlI0eMijEA==

is-date-object@^1.0.1:
  version "1.0.1"
  resolved "https://registry.yarnpkg.com/is-date-object/-/is-date-object-1.0.1.tgz#9aa20eb6aeebbff77fbd33e74ca01b33581d3a16"
  integrity sha1-mqIOtq7rv/d/vTPnTKAbM1gdOhY=

is-regex@^1.0.4:
  version "1.0.4"
  resolved "https://registry.yarnpkg.com/is-regex/-/is-regex-1.0.4.tgz#5517489b547091b0930e095654ced25ee97e9491"
  integrity sha1-VRdIm1RwkbCTDglWVM7SXul+lJE=
  dependencies:
    has "^1.0.1"

is-symbol@^1.0.2:
  version "1.0.2"
  resolved "https://registry.yarnpkg.com/is-symbol/-/is-symbol-1.0.2.tgz#a055f6ae57192caee329e7a860118b497a950f38"
  integrity sha512-HS8bZ9ox60yCJLH9snBpIwv9pYUAkcuLhSA1oero1UB5y9aiQpRA8y2ex945AOtCZL1lJDeIk3G5LthswI46Lw==
  dependencies:
    has-symbols "^1.0.0"

iterall@^1.1.3, iterall@^1.2.1, iterall@^1.2.2:
  version "1.2.2"
  resolved "https://registry.yarnpkg.com/iterall/-/iterall-1.2.2.tgz#92d70deb8028e0c39ff3164fdbf4d8b088130cd7"
  integrity sha512-yynBb1g+RFUPY64fTrFv7nsjRrENBQJaX2UL+2Szc9REFrSNm1rpSXHGzhmAy7a9uv3vlvgBlXnf9RqmPH1/DA==

kareem@2.3.0:
  version "2.3.0"
  resolved "https://registry.yarnpkg.com/kareem/-/kareem-2.3.0.tgz#ef33c42e9024dce511eeaf440cd684f3af1fc769"
  integrity sha512-6hHxsp9e6zQU8nXsP+02HGWXwTkOEw6IROhF2ZA28cYbUk4eJ6QbtZvdqZOdD9YPKghG3apk5eOCvs+tLl3lRg==

lodash.merge@^4.6.2:
  version "4.6.2"
  resolved "https://registry.yarnpkg.com/lodash.merge/-/lodash.merge-4.6.2.tgz#558aa53b43b661e1925a0afdfa36a9a1085fe57a"
  integrity sha512-0KpjqXRVvrYyCsX1swR/XTK0va6VQkQM6MNo7PqW77ByjAhoARA8EfrP1N4+KlKj8YS0ZUCtRT/YUuhyYDujIQ==

lodash.sortby@^4.7.0:
  version "4.7.0"
  resolved "https://registry.yarnpkg.com/lodash.sortby/-/lodash.sortby-4.7.0.tgz#edd14c824e2cc9c1e0b0a1b42bb5210516a42438"
  integrity sha1-7dFMgk4sycHgsKG0K7UhBRakJDg=

lodash@^4.17.11:
  version "4.17.15"
  resolved "https://registry.yarnpkg.com/lodash/-/lodash-4.17.15.tgz#b447f6670a0455bbfeedd11392eff330ea097548"
  integrity sha512-8xOcRHvCjnocdS5cpwXQXVzmmh5e5+saE2QGoeQmbKmRS6J3VQppPOIt0MnmE+4xlZoumy0GPG0D0MVIQbNA1A==

loglevel-debug@^0.0.1:
  version "0.0.1"
  resolved "https://registry.yarnpkg.com/loglevel-debug/-/loglevel-debug-0.0.1.tgz#89f89d3dba13cba8a2cb4615d5d3ad7189f48a29"
  integrity sha1-ifidPboTy6iiy0YV1dOtcYn0iik=
  dependencies:
    loglevel "^1.4.0"

loglevel@^1.4.0, loglevel@^1.6.1:
  version "1.6.3"
  resolved "https://registry.yarnpkg.com/loglevel/-/loglevel-1.6.3.tgz#77f2eb64be55a404c9fd04ad16d57c1d6d6b1280"
  integrity sha512-LoEDv5pgpvWgPF4kNYuIp0qqSJVWak/dML0RY74xlzMZiT9w77teNAwKYKWBTYjlokMirg+o3jBwp+vlLrcfAA==

long@^4.0.0:
  version "4.0.0"
  resolved "https://registry.yarnpkg.com/long/-/long-4.0.0.tgz#9a7b71cfb7d361a194ea555241c92f7468d5bf28"
  integrity sha512-XsP+KhQif4bjX1kbuSiySJFNAehNxgLb6hPRGJ9QsUr8ajHkuXGdrHmFUTUUXhDwVX2R5bY4JNZEwbUiMhV+MA==

lru-cache@^5.0.0:
  version "5.1.1"
  resolved "https://registry.yarnpkg.com/lru-cache/-/lru-cache-5.1.1.tgz#1da27e6710271947695daf6848e847f01d84b920"
  integrity sha512-KpNARQA3Iwv+jTA0utUVVbrh+Jlrr1Fv0e56GGzAFOXN7dk/FviaDW8LHmK52DlcH4WP2n6gI8vN1aesBFgo9w==
  dependencies:
    yallist "^3.0.2"

memory-cache@^0.2.0:
  version "0.2.0"
  resolved "https://registry.yarnpkg.com/memory-cache/-/memory-cache-0.2.0.tgz#7890b01d52c00c8ebc9d533e1f8eb17e3034871a"
  integrity sha1-eJCwHVLADI68nVM+H46xfjA0hxo=

memory-pager@^1.0.2:
  version "1.5.0"
  resolved "https://registry.yarnpkg.com/memory-pager/-/memory-pager-1.5.0.tgz#d8751655d22d384682741c972f2c3d6dfa3e66b5"
  integrity sha512-ZS4Bp4r/Zoeq6+NLJpP+0Zzm0pR8whtGPf1XExKLJBAczGMnSi3It14OiNCStjQjM6NU1okjQGSxgEZN8eBYKg==

mongodb-core@3.2.7:
  version "3.2.7"
  resolved "https://registry.yarnpkg.com/mongodb-core/-/mongodb-core-3.2.7.tgz#a8ef1fe764a192c979252dacbc600dc88d77e28f"
  integrity sha512-WypKdLxFNPOH/Jy6i9z47IjG2wIldA54iDZBmHMINcgKOUcWJh8og+Wix76oGd7EyYkHJKssQ2FAOw5Su/n4XQ==
  dependencies:
    bson "^1.1.1"
    require_optional "^1.0.1"
    safe-buffer "^5.1.2"
  optionalDependencies:
    saslprep "^1.0.0"

mongodb@3.2.7:
  version "3.2.7"
  resolved "https://registry.yarnpkg.com/mongodb/-/mongodb-3.2.7.tgz#8ba149e4be708257cad0dea72aebb2bbb311a7ac"
  integrity sha512-2YdWrdf1PJgxcCrT1tWoL6nHuk6hCxhddAAaEh8QJL231ci4+P9FLyqopbTm2Z2sAU6mhCri+wd9r1hOcHdoMw==
  dependencies:
    mongodb-core "3.2.7"
    safe-buffer "^5.1.2"

mongoose-legacy-pluralize@1.0.2:
  version "1.0.2"
  resolved "https://registry.yarnpkg.com/mongoose-legacy-pluralize/-/mongoose-legacy-pluralize-1.0.2.tgz#3ba9f91fa507b5186d399fb40854bff18fb563e4"
  integrity sha512-Yo/7qQU4/EyIS8YDFSeenIvXxZN+ld7YdV9LqFVQJzTLye8unujAWPZ4NWKfFA+RNjh+wvTWKY9Z3E5XM6ZZiQ==

mongoose@^5.6.6:
  version "5.6.6"
  resolved "https://registry.yarnpkg.com/mongoose/-/mongoose-5.6.6.tgz#78953b9ea91b1bf685ce59d7737100352af627f6"
  integrity sha512-5uecJSyl2TwbGM9vJteP4C54zsQL6qllq1qe/JPGO3oqIWcK/PnzCL91E0gfPH5VVpvWGX+6PafNYmU3NK8S7w==
  dependencies:
    async "2.6.2"
    bson "~1.1.1"
    kareem "2.3.0"
    mongodb "3.2.7"
    mongodb-core "3.2.7"
    mongoose-legacy-pluralize "1.0.2"
    mpath "0.6.0"
    mquery "3.2.1"
    ms "2.1.2"
    regexp-clone "1.0.0"
    safe-buffer "5.1.2"
    sift "7.0.1"
    sliced "1.0.1"

mpath@0.6.0:
  version "0.6.0"
  resolved "https://registry.yarnpkg.com/mpath/-/mpath-0.6.0.tgz#aa922029fca4f0f641f360e74c5c1b6a4c47078e"
  integrity sha512-i75qh79MJ5Xo/sbhxrDrPSEG0H/mr1kcZXJ8dH6URU5jD/knFxCVqVC/gVSW7GIXL/9hHWlT9haLbCXWOll3qw==

mquery@3.2.1:
  version "3.2.1"
  resolved "https://registry.yarnpkg.com/mquery/-/mquery-3.2.1.tgz#8b059a49cdae0a8a9e804284ef64c2f58d3ac05d"
  integrity sha512-kY/K8QToZWTTocm0U+r8rqcJCp5PRl6e8tPmoDs5OeSO3DInZE2rAL6AYH+V406JTo8305LdASOQcxRDqHojyw==
  dependencies:
    bluebird "3.5.1"
    debug "3.1.0"
    regexp-clone "^1.0.0"
    safe-buffer "5.1.2"
    sliced "1.0.1"

ms@2.0.0:
  version "2.0.0"
  resolved "https://registry.yarnpkg.com/ms/-/ms-2.0.0.tgz#5608aeadfc00be6c2901df5f9861788de0d597c8"
  integrity sha1-VgiurfwAvmwpAd9fmGF4jeDVl8g=

ms@2.1.2:
  version "2.1.2"
  resolved "https://registry.yarnpkg.com/ms/-/ms-2.1.2.tgz#d09d1f357b443f493382a8eb3ccd183872ae6009"
  integrity sha512-sGkPx+VjMtmA6MX27oA4FBFELFCZZ4S4XqeGOXCv68tT+jb3vk/RyaKWP0PTKyWtmLSM0b+adUTEvbs1PEaH2w==

node-fetch@^2.1.2, node-fetch@^2.2.0, node-fetch@^2.3.0, node-fetch@^2.6.0:
  version "2.6.0"
  resolved "https://registry.yarnpkg.com/node-fetch/-/node-fetch-2.6.0.tgz#e633456386d4aa55863f676a7ab0daa8fdecb0fd"
  integrity sha512-8dG4H5ujfvFiqDmVu9fQ5bOHUC15JMjMY/Zumv26oOvvVJjM67KF8koCWIabKQ1GJIa9r2mMZscBq/TbdOcmNA==

object-keys@^1.0.12:
  version "1.1.1"
  resolved "https://registry.yarnpkg.com/object-keys/-/object-keys-1.1.1.tgz#1c47f272df277f3b1daf061677d9c82e2322c60e"
  integrity sha512-NuAESUOUMrlIXOfHKzD6bpPu3tYt3xvjNdRIQ+FeT0lNb4K8WR70CaDxhuNguS2XG+GjkyMwOzsN5ZktImfhLA==

object-path@^0.11.4:
  version "0.11.4"
  resolved "https://registry.yarnpkg.com/object-path/-/object-path-0.11.4.tgz#370ae752fbf37de3ea70a861c23bba8915691949"
  integrity sha1-NwrnUvvzfePqcKhhwju6iRVpGUk=

object.getownpropertydescriptors@^2.0.3:
  version "2.0.3"
  resolved "https://registry.yarnpkg.com/object.getownpropertydescriptors/-/object.getownpropertydescriptors-2.0.3.tgz#8758c846f5b407adab0f236e0986f14b051caa16"
  integrity sha1-h1jIRvW0B62rDyNuCYbxSwUcqhY=
  dependencies:
    define-properties "^1.1.2"
    es-abstract "^1.5.1"

p-map@^2.1.0:
  version "2.1.0"
  resolved "https://registry.yarnpkg.com/p-map/-/p-map-2.1.0.tgz#310928feef9c9ecc65b68b17693018a665cea175"
  integrity sha512-y3b8Kpd8OAN444hxfBbFfj1FY/RjtTd8tzYwhUqNYXx0fXx2iX4maP4Qr6qhIKbQXI02wTLAda4fYUbDagTUFw==

pokedex-promise-v2@^3.2.0:
  version "3.2.0"
  resolved "https://registry.yarnpkg.com/pokedex-promise-v2/-/pokedex-promise-v2-3.2.0.tgz#7f35e7ce13b778ad40c4589f069cfba91b987ca4"
  integrity sha512-pW9WHIIKqxC+tjuXSfL19StxJdh6QAQCmErn9fOx0/0XZ+Zg2913ftJOa/cxGOrAhAQ8EhJZJb/oZLAmG2K2Dw==
  dependencies:
    axios "^0.19.0"
    memory-cache "^0.2.0"
    p-map "^2.1.0"

prettier@^1.18.2:
  version "1.18.2"
  resolved "https://registry.yarnpkg.com/prettier/-/prettier-1.18.2.tgz#6823e7c5900017b4bd3acf46fe9ac4b4d7bda9ea"
  integrity sha512-OeHeMc0JhFE9idD4ZdtNibzY0+TPHSpSSb9h8FqtP+YnoZZ1sl8Vc9b1sasjfymH3SonAF4QcA2+mzHPhMvIiw==

pretty-format@^24.7.0:
  version "24.8.0"
  resolved "https://registry.yarnpkg.com/pretty-format/-/pretty-format-24.8.0.tgz#8dae7044f58db7cb8be245383b565a963e3c27f2"
  integrity sha512-P952T7dkrDEplsR+TuY7q3VXDae5Sr7zmQb12JU/NDQa/3CH7/QW0yvqLcGN6jL+zQFKaoJcPc+yJxMTGmosqw==
  dependencies:
    "@jest/types" "^24.8.0"
    ansi-regex "^4.0.0"
    ansi-styles "^3.2.0"
    react-is "^16.8.4"

protobufjs@^6.8.6:
  version "6.8.8"
  resolved "https://registry.yarnpkg.com/protobufjs/-/protobufjs-6.8.8.tgz#c8b4f1282fd7a90e6f5b109ed11c84af82908e7c"
  integrity sha512-AAmHtD5pXgZfi7GMpllpO3q1Xw1OYldr+dMUlAnffGTAhqkg72WdmSY71uKBF/JuyiKs8psYbtKrhi0ASCD8qw==
  dependencies:
    "@protobufjs/aspromise" "^1.1.2"
    "@protobufjs/base64" "^1.1.2"
    "@protobufjs/codegen" "^2.0.4"
    "@protobufjs/eventemitter" "^1.1.0"
    "@protobufjs/fetch" "^1.1.0"
    "@protobufjs/float" "^1.0.2"
    "@protobufjs/inquire" "^1.1.0"
    "@protobufjs/path" "^1.1.2"
    "@protobufjs/pool" "^1.1.0"
    "@protobufjs/utf8" "^1.1.0"
    "@types/long" "^4.0.0"
    "@types/node" "^10.1.0"
    long "^4.0.0"

react-is@^16.8.4:
  version "16.8.6"
  resolved "https://registry.yarnpkg.com/react-is/-/react-is-16.8.6.tgz#5bbc1e2d29141c9fbdfed456343fe2bc430a6a16"
  integrity sha512-aUk3bHfZ2bRSVFFbbeVS4i+lNPZr3/WM5jT2J5omUVV1zzcs1nAaf3l51ctA5FFvCRbhrH0bdAsRRQddFJZPtA==

regexp-clone@1.0.0, regexp-clone@^1.0.0:
  version "1.0.0"
  resolved "https://registry.yarnpkg.com/regexp-clone/-/regexp-clone-1.0.0.tgz#222db967623277056260b992626354a04ce9bf63"
  integrity sha512-TuAasHQNamyyJ2hb97IuBEif4qBHGjPHBS64sZwytpLEqtBQ1gPJTnOaQ6qmpET16cK14kkjbazl6+p0RRv0yw==

require_optional@^1.0.1:
  version "1.0.1"
  resolved "https://registry.yarnpkg.com/require_optional/-/require_optional-1.0.1.tgz#4cf35a4247f64ca3df8c2ef208cc494b1ca8fc2e"
  integrity sha512-qhM/y57enGWHAe3v/NcwML6a3/vfESLe/sGM2dII+gEO0BpKRUkWZow/tyloNqJyN6kXSl3RyyM8Ll5D/sJP8g==
  dependencies:
    resolve-from "^2.0.0"
    semver "^5.1.0"

resolve-from@^2.0.0:
  version "2.0.0"
  resolved "https://registry.yarnpkg.com/resolve-from/-/resolve-from-2.0.0.tgz#9480ab20e94ffa1d9e80a804c7ea147611966b57"
  integrity sha1-lICrIOlP+h2egKgEx+oUdhGWa1c=

retry@0.12.0:
  version "0.12.0"
  resolved "https://registry.yarnpkg.com/retry/-/retry-0.12.0.tgz#1b42a6266a21f07421d1b0b54b7dc167b01c013b"
  integrity sha1-G0KmJmoh8HQh0bC1S33BZ7AcATs=

safe-buffer@5.1.2:
  version "5.1.2"
  resolved "https://registry.yarnpkg.com/safe-buffer/-/safe-buffer-5.1.2.tgz#991ec69d296e0313747d59bdfd2b745c35f8828d"
  integrity sha512-Gd2UZBJDkXlY7GbJxfsE8/nvKkUEU1G38c1siN6QP6a9PT9MmHB8GnpscSmMJSoF8LOIrt8ud/wPtojys4G6+g==

safe-buffer@^5.0.1, safe-buffer@^5.1.2:
  version "5.2.0"
  resolved "https://registry.yarnpkg.com/safe-buffer/-/safe-buffer-5.2.0.tgz#b74daec49b1148f88c64b68d49b1e815c1f2f519"
  integrity sha512-fZEwUGbVl7kouZs1jCdMLdt95hdIv0ZeHg6L7qPeciMZhZ+/gdesW4wgTARkrFWEpspjEATAzUGPG8N2jJiwbg==

saslprep@^1.0.0:
  version "1.0.3"
  resolved "https://registry.yarnpkg.com/saslprep/-/saslprep-1.0.3.tgz#4c02f946b56cf54297e347ba1093e7acac4cf226"
  integrity sha512-/MY/PEMbk2SuY5sScONwhUDsV2p77Znkb/q3nSVstq/yQzYJOH/Azh29p9oJLsl3LnQwSvZDKagDGBsBwSooag==
  dependencies:
    sparse-bitfield "^3.0.3"

semver@^5.1.0:
  version "5.7.0"
  resolved "https://registry.yarnpkg.com/semver/-/semver-5.7.0.tgz#790a7cf6fea5459bac96110b29b60412dc8ff96b"
  integrity sha512-Ya52jSX2u7QKghxeoFGpLwCtGlt7j0oY9DYb5apt9nPlJ42ID+ulTXESnt/qAQcoSERyZ5sl3LDIOw0nAn/5DA==

setprototypeof@1.1.1:
  version "1.1.1"
  resolved "https://registry.yarnpkg.com/setprototypeof/-/setprototypeof-1.1.1.tgz#7e95acb24aa92f5885e0abef5ba131330d4ae683"
  integrity sha512-JvdAWfbXeIGaZ9cILp38HntZSFSo3mWg6xGcJJsd+d4aRMOqauag1C63dJfDw7OaMYwEbHMOxEZ1lqVRYP2OAw==

sha.js@^2.4.11:
  version "2.4.11"
  resolved "https://registry.yarnpkg.com/sha.js/-/sha.js-2.4.11.tgz#37a5cf0b81ecbc6943de109ba2960d1b26584ae7"
  integrity sha512-QMEp5B7cftE7APOjk5Y6xgrbWu+WkLVQwk8JNjZ8nKRciZaByEW6MubieAiToS7+dwvrjGhH8jRXz3MVd0AYqQ==
  dependencies:
    inherits "^2.0.1"
    safe-buffer "^5.0.1"

sift@7.0.1:
  version "7.0.1"
  resolved "https://registry.yarnpkg.com/sift/-/sift-7.0.1.tgz#47d62c50b159d316f1372f8b53f9c10cd21a4b08"
  integrity sha512-oqD7PMJ+uO6jV9EQCl0LrRw1OwsiPsiFQR5AR30heR+4Dl7jBBbDLnNvWiak20tzZlSE1H7RB30SX/1j/YYT7g==

sliced@1.0.1:
  version "1.0.1"
  resolved "https://registry.yarnpkg.com/sliced/-/sliced-1.0.1.tgz#0b3a662b5d04c3177b1926bea82b03f837a2ef41"
  integrity sha1-CzpmK10Ewxd7GSa+qCsD+Dei70E=

sparse-bitfield@^3.0.3:
  version "3.0.3"
  resolved "https://registry.yarnpkg.com/sparse-bitfield/-/sparse-bitfield-3.0.3.tgz#ff4ae6e68656056ba4b3e792ab3334d38273ca11"
  integrity sha1-/0rm5oZWBWuks+eSqzM004JzyhE=
  dependencies:
    memory-pager "^1.0.2"

"statuses@>= 1.5.0 < 2":
  version "1.5.0"
  resolved "https://registry.yarnpkg.com/statuses/-/statuses-1.5.0.tgz#161c7dac177659fd9811f43771fa99381478628c"
  integrity sha1-Fhx9rBd2Wf2YEfQ3cfqZOBR4Yow=

streamsearch@0.1.2:
  version "0.1.2"
  resolved "https://registry.yarnpkg.com/streamsearch/-/streamsearch-0.1.2.tgz#808b9d0e56fc273d809ba57338e929919a1a9f1a"
  integrity sha1-gIudDlb8Jz2Am6VzOOkpkZoanxo=

subscriptions-transport-ws@^0.9.11:
  version "0.9.16"
  resolved "https://registry.yarnpkg.com/subscriptions-transport-ws/-/subscriptions-transport-ws-0.9.16.tgz#90a422f0771d9c32069294c08608af2d47f596ec"
  integrity sha512-pQdoU7nC+EpStXnCfh/+ho0zE0Z+ma+i7xvj7bkXKb1dvYHSZxgRPaU6spRP+Bjzow67c/rRDoix5RT0uU9omw==
  dependencies:
    backo2 "^1.0.2"
    eventemitter3 "^3.1.0"
    iterall "^1.2.1"
    symbol-observable "^1.0.4"
    ws "^5.2.0"

symbol-observable@^1.0.4:
  version "1.2.0"
  resolved "https://registry.yarnpkg.com/symbol-observable/-/symbol-observable-1.2.0.tgz#c22688aed4eab3cdc2dfeacbb561660560a00804"
  integrity sha512-e900nM8RRtGhlV36KGEU9k65K3mPb1WV70OdjfxlG2EAuM1noi/E/BaW/uMhL7bPEssK8QV57vN3esixjUvcXQ==

toidentifier@1.0.0:
  version "1.0.0"
  resolved "https://registry.yarnpkg.com/toidentifier/-/toidentifier-1.0.0.tgz#7e1be3470f1e77948bc43d94a3c8f4d7752ba553"
  integrity sha512-yaOH/Pk/VEhBWWTlhI+qXxDFXlejDGcQipMlyxda9nthulaxLZUNcUqFxokp0vcYnvteJln5FNQDRrxj3YcbVw==

ts-invariant@^0.4.0:
  version "0.4.4"
  resolved "https://registry.yarnpkg.com/ts-invariant/-/ts-invariant-0.4.4.tgz#97a523518688f93aafad01b0e80eb803eb2abd86"
  integrity sha512-uEtWkFM/sdZvRNNDL3Ehu4WVpwaulhwQszV8mrtcdeE8nN00BV9mAmQ88RkrBhFgl9gMgvjJLAQcZbnPXI9mlA==
  dependencies:
    tslib "^1.9.3"

tslib@^1.9.3:
  version "1.10.0"
  resolved "https://registry.yarnpkg.com/tslib/-/tslib-1.10.0.tgz#c3c19f95973fb0a62973fb09d90d961ee43e5c8a"
  integrity sha512-qOebF53frne81cf0S9B41ByenJ3/IuH8yJKngAX35CmiZySA0khhkovshKK+jGCaMnVomla7gVlIcc3EvKPbTQ==

util.promisify@^1.0.0:
  version "1.0.0"
  resolved "https://registry.yarnpkg.com/util.promisify/-/util.promisify-1.0.0.tgz#440f7165a459c9a16dc145eb8e72f35687097030"
  integrity sha512-i+6qA2MPhvoKLuxnJNpXAGhg7HphQOSUq2LKMZD0m15EiskXUkMvKdF4Uui0WYeCUGea+o2cw/ZuwehtfsrNkA==
  dependencies:
    define-properties "^1.1.2"
    object.getownpropertydescriptors "^2.0.3"

uuid@^3.1.0:
  version "3.3.2"
  resolved "https://registry.yarnpkg.com/uuid/-/uuid-3.3.2.tgz#1b4af4955eb3077c501c23872fc6513811587131"
  integrity sha512-yXJmeNaw3DnnKAOKJE51sL/ZaYfWJRl1pK9dr19YFCu0ObS231AB1/LbqTKRAQ5kw8A90rA6fr4riOUpTZvQZA==

ws@^5.2.0:
  version "5.2.2"
  resolved "https://registry.yarnpkg.com/ws/-/ws-5.2.2.tgz#dffef14866b8e8dc9133582514d1befaf96e980f"
  integrity sha512-jaHFD6PFv6UgoIVda6qZllptQsMlDEJkTQcybzzXDYM1XO9Y8em691FGMPmM46WGyLU4z9KMgQN+qrux/nhlHA==
  dependencies:
    async-limiter "~1.0.0"

ws@^6.0.0:
  version "6.2.1"
  resolved "https://registry.yarnpkg.com/ws/-/ws-6.2.1.tgz#442fdf0a47ed64f59b6a5d8ff130f4748ed524fb"
  integrity sha512-GIyAXC2cB7LjvpgMt9EKS2ldqr0MTrORaleiOno6TweZ6r3TKtoFQWay/2PceJ3RuBasOHzXNn5Lrw1X0bEjqA==
  dependencies:
    async-limiter "~1.0.0"

yallist@^3.0.2:
  version "3.0.3"
  resolved "https://registry.yarnpkg.com/yallist/-/yallist-3.0.3.tgz#b4b049e314be545e3ce802236d6cd22cd91c3de9"
  integrity sha512-S+Zk8DEWE6oKpV+vI3qWkaK+jSbIK86pCwe2IF/xwIpQ8jEuxpw9NyaGjmp9+BoJv5FV2piqCDcoCtStppiq2A==

zen-observable-ts@^0.8.19:
  version "0.8.19"
  resolved "https://registry.yarnpkg.com/zen-observable-ts/-/zen-observable-ts-0.8.19.tgz#c094cd20e83ddb02a11144a6e2a89706946b5694"
  integrity sha512-u1a2rpE13G+jSzrg3aiCqXU5tN2kw41b+cBZGmnc+30YimdkKiDj9bTowcB41eL77/17RF/h+393AuVgShyheQ==
  dependencies:
    tslib "^1.9.3"
    zen-observable "^0.8.0"

zen-observable@^0.8.0:
  version "0.8.14"
  resolved "https://registry.yarnpkg.com/zen-observable/-/zen-observable-0.8.14.tgz#d33058359d335bc0db1f0af66158b32872af3bf7"
  integrity sha512-kQz39uonEjEESwh+qCi83kcC3rZJGh4mrZW7xjkSQYXkq//JZHTtKo+6yuVloTgMtzsIWOJrjIrKvk/dqm0L5g==
